
Microsoft Visual Studio Solution File, Format Version 12.00
# Visual Studio Version 16
VisualStudioVersion = 25.0.1704.2
MinimumVisualStudioVersion = 10.0.40219.1
Project("{FAE04EC0-301F-11D3-BF4B-00C04F79EFBC}") = "queensGame.Android", "queensGame\queensGame.Android\queensGame.Android.csproj", "{03C75CD6-3350-4C9B-AD66-CFB9640B6513}"
EndProject
Project("{FAE04EC0-301F-11D3-BF4B-00C04F79EFBC}") = "queensGame", "queensGame\queensGame\queensGame.csproj", "{5A437CDD-6114-46EF-9A0C-DA16DAFE6070}"
EndProject
Global
	GlobalSection(SolutionConfigurationPlatforms) = preSolution
		Debug|Any CPU = Debug|Any CPU
		Release|Any CPU = Release|Any CPU
	EndGlobalSection
	GlobalSection(ProjectConfigurationPlatforms) = postSolution
		{03C75CD6-3350-4C9B-AD66-CFB9640B6513}.Debug|Any CPU.ActiveCfg = Debug|Any CPU
		{03C75CD6-3350-4C9B-AD66-CFB9640B6513}.Debug|Any CPU.Build.0 = Debug|Any CPU
		{03C75CD6-3350-4C9B-AD66-CFB9640B6513}.Release|Any CPU.ActiveCfg = Release|Any CPU
		{03C75CD6-3350-4C9B-AD66-CFB9640B6513}.Release|Any CPU.Build.0 = Release|Any CPU
		{5A437CDD-6114-46EF-9A0C-DA16DAFE6070}.Debug|Any CPU.ActiveCfg = Debug|Any CPU
		{5A437CDD-6114-46EF-9A0C-DA16DAFE6070}.Debug|Any CPU.Build.0 = Debug|Any CPU
		{5A437CDD-6114-46EF-9A0C-DA16DAFE6070}.Release|Any CPU.ActiveCfg = Release|Any CPU
		{5A437CDD-6114-46EF-9A0C-DA16DAFE6070}.Release|Any CPU.Build.0 = Release|Any CPU
	EndGlobalSection
	GlobalSection(SolutionProperties) = preSolution
		HideSolutionNode = FALSE
	EndGlobalSection
	GlobalSection(ExtensibilityGlobals) = postSolution
		SolutionGuid = {EEEFA84E-516A-468C-8BA0-8DAEEFC91ED3}
	EndGlobalSection
EndGlobal
